
Microsoft Visual Studio Solution File, Format Version 12.00
# Visual Studio Version 16
VisualStudioVersion = 16.0.29709.97
MinimumVisualStudioVersion = 10.0.40219.1
Project("{9A19103F-16F7-4668-BE54-9A1E7A4F7556}") = "Abc.Core", "Abc.Core\Abc.Core.csproj", "{F1532A93-2E0A-4F70-B64C-8E354DDC3A6A}"
EndProject
Project("{FAE04EC0-301F-11D3-BF4B-00C04F79EFBC}") = "Abc.Northwind.DataAccess", "Abc.Northwind.DataAccess\Abc.Northwind.DataAccess.csproj", "{194078FC-4182-4F53-A9D4-94EC42115780}"
EndProject
Project("{FAE04EC0-301F-11D3-BF4B-00C04F79EFBC}") = "Abc.Northwind.Entity", "Abc.Northwind.Entity\Abc.Northwind.Entity.csproj", "{411473AE-D2C5-4F25-AB5A-D4FAE598A236}"
EndProject
Project("{FAE04EC0-301F-11D3-BF4B-00C04F79EFBC}") = "Abc.Northwind.Buisiness", "Abc.Northwind.Buisiness\Abc.Northwind.Buisiness.csproj", "{D71E0377-445A-40CC-BE52-0E5F6EDDC67E}"
EndProject
Project("{FAE04EC0-301F-11D3-BF4B-00C04F79EFBC}") = "Abc.Northwind.Mvc.WebUI", "Abc.Northwind.Mvc.WebUI\Abc.Northwind.Mvc.WebUI.csproj", "{EEB970F5-3224-41BB-93F3-9F65C3ADE1F8}"
EndProject
Global
	GlobalSection(SolutionConfigurationPlatforms) = preSolution
		Debug|Any CPU = Debug|Any CPU
		Release|Any CPU = Release|Any CPU
	EndGlobalSection
	GlobalSection(ProjectConfigurationPlatforms) = postSolution
		{F1532A93-2E0A-4F70-B64C-8E354DDC3A6A}.Debug|Any CPU.ActiveCfg = Debug|Any CPU
		{F1532A93-2E0A-4F70-B64C-8E354DDC3A6A}.Debug|Any CPU.Build.0 = Debug|Any CPU
		{F1532A93-2E0A-4F70-B64C-8E354DDC3A6A}.Release|Any CPU.ActiveCfg = Release|Any CPU
		{F1532A93-2E0A-4F70-B64C-8E354DDC3A6A}.Release|Any CPU.Build.0 = Release|Any CPU
		{194078FC-4182-4F53-A9D4-94EC42115780}.Debug|Any CPU.ActiveCfg = Debug|Any CPU
		{194078FC-4182-4F53-A9D4-94EC42115780}.Debug|Any CPU.Build.0 = Debug|Any CPU
		{194078FC-4182-4F53-A9D4-94EC42115780}.Release|Any CPU.ActiveCfg = Release|Any CPU
		{194078FC-4182-4F53-A9D4-94EC42115780}.Release|Any CPU.Build.0 = Release|Any CPU
		{411473AE-D2C5-4F25-AB5A-D4FAE598A236}.Debug|Any CPU.ActiveCfg = Debug|Any CPU
		{411473AE-D2C5-4F25-AB5A-D4FAE598A236}.Debug|Any CPU.Build.0 = Debug|Any CPU
		{411473AE-D2C5-4F25-AB5A-D4FAE598A236}.Release|Any CPU.ActiveCfg = Release|Any CPU
		{411473AE-D2C5-4F25-AB5A-D4FAE598A236}.Release|Any CPU.Build.0 = Release|Any CPU
		{D71E0377-445A-40CC-BE52-0E5F6EDDC67E}.Debug|Any CPU.ActiveCfg = Debug|Any CPU
		{D71E0377-445A-40CC-BE52-0E5F6EDDC67E}.Debug|Any CPU.Build.0 = Debug|Any CPU
		{D71E0377-445A-40CC-BE52-0E5F6EDDC67E}.Release|Any CPU.ActiveCfg = Release|Any CPU
		{D71E0377-445A-40CC-BE52-0E5F6EDDC67E}.Release|Any CPU.Build.0 = Release|Any CPU
		{EEB970F5-3224-41BB-93F3-9F65C3ADE1F8}.Debug|Any CPU.ActiveCfg = Debug|Any CPU
		{EEB970F5-3224-41BB-93F3-9F65C3ADE1F8}.Debug|Any CPU.Build.0 = Debug|Any CPU
		{EEB970F5-3224-41BB-93F3-9F65C3ADE1F8}.Release|Any CPU.ActiveCfg = Release|Any CPU
		{EEB970F5-3224-41BB-93F3-9F65C3ADE1F8}.Release|Any CPU.Build.0 = Release|Any CPU
	EndGlobalSection
	GlobalSection(SolutionProperties) = preSolution
		HideSolutionNode = FALSE
	EndGlobalSection
	GlobalSection(ExtensibilityGlobals) = postSolution
		SolutionGuid = {461B1EB6-8AF4-41C0-B3B0-0A78E2020FEE}
	EndGlobalSection
EndGlobal
